
Microsoft Visual Studio Solution File, Format Version 12.00
# Visual Studio Version 16
VisualStudioVersion = 16.0.31019.35
MinimumVisualStudioVersion = 10.0.40219.1
Project("{FAE04EC0-301F-11D3-BF4B-00C04F79EFBC}") = "SintemaVendas", "ProjetoEstudoBancoDeDados\SintemaVendas.csproj", "{755DF7B5-C945-4AD3-BA7E-105B17AF2959}"
EndProject
Project("{FAE04EC0-301F-11D3-BF4B-00C04F79EFBC}") = "SistemaVendas.Dominio", "CadastroGeral.Dominio\SistemaVendas.Dominio.csproj", "{5C9F0A02-43B5-4747-9B18-69D8C22A8E9F}"
EndProject
Global
	GlobalSection(SolutionConfigurationPlatforms) = preSolution
		Debug|Any CPU = Debug|Any CPU
		Release|Any CPU = Release|Any CPU
	EndGlobalSection
	GlobalSection(ProjectConfigurationPlatforms) = postSolution
		{755DF7B5-C945-4AD3-BA7E-105B17AF2959}.Debug|Any CPU.ActiveCfg = Debug|Any CPU
		{755DF7B5-C945-4AD3-BA7E-105B17AF2959}.Debug|Any CPU.Build.0 = Debug|Any CPU
		{755DF7B5-C945-4AD3-BA7E-105B17AF2959}.Release|Any CPU.ActiveCfg = Release|Any CPU
		{755DF7B5-C945-4AD3-BA7E-105B17AF2959}.Release|Any CPU.Build.0 = Release|Any CPU
		{5C9F0A02-43B5-4747-9B18-69D8C22A8E9F}.Debug|Any CPU.ActiveCfg = Debug|Any CPU
		{5C9F0A02-43B5-4747-9B18-69D8C22A8E9F}.Debug|Any CPU.Build.0 = Debug|Any CPU
		{5C9F0A02-43B5-4747-9B18-69D8C22A8E9F}.Release|Any CPU.ActiveCfg = Release|Any CPU
		{5C9F0A02-43B5-4747-9B18-69D8C22A8E9F}.Release|Any CPU.Build.0 = Release|Any CPU
	EndGlobalSection
	GlobalSection(SolutionProperties) = preSolution
		HideSolutionNode = FALSE
	EndGlobalSection
	GlobalSection(ExtensibilityGlobals) = postSolution
		SolutionGuid = {8A1E9B21-1AFB-4BA7-907E-A5E2F29B4421}
	EndGlobalSection
EndGlobal
